{
  "name": "kurtosis-node-tools",
  "version": "1.0.0",
  "lockfileVersion": 3,
  "requires": true,
  "packages": {
    "": {
      "name": "kurtosis-node-tools",
      "version": "1.0.0",
      "dependencies": {
        "@bufbuild/protoc-gen-es": "1.5.1",
        "@connectrpc/protoc-gen-connect-es": "0.13.2",
        "openapi-fetch": "0.8.2",
        "openapi-typescript": "7.0.0-next.5",
        "ts-protoc-gen": "0.15.0"
      }
    },
    "node_modules/@bufbuild/protobuf": {
      "version": "1.7.1",
      "resolved": "https://registry.npmjs.org/@bufbuild/protobuf/-/protobuf-1.7.1.tgz",
      "integrity": "sha512-UlI3lKLFBjZQJ0cHf47YUH6DzZxZYWk3sf6dKYyPUaXrfXq4z+zZqNO3q0lPUzyJgh14s6VscjcNFBaQBhYd9Q=="
    },
    "node_modules/@bufbuild/protoc-gen-es": {
      "version": "1.5.1",
      "resolved": "https://registry.npmjs.org/@bufbuild/protoc-gen-es/-/protoc-gen-es-1.5.1.tgz",
      "integrity": "sha512-o4NNOf49QEjowhpQxm3fq/yv+LstO9aMmNlEE3fz4WlD5fBE8OZ7q38O+WMUVoB4Y41joxk24v7IIm61trwRyg==",
      "dependencies": {
        "@bufbuild/protobuf": "^1.5.1",
        "@bufbuild/protoplugin": "1.5.1"
      },
      "bin": {
        "protoc-gen-es": "bin/protoc-gen-es"
      },
      "engines": {
        "node": ">=14"
      },
      "peerDependencies": {
        "@bufbuild/protobuf": "1.5.1"
      },
      "peerDependenciesMeta": {
        "@bufbuild/protobuf": {
          "optional": true
        }
      }
    },
    "node_modules/@bufbuild/protoc-gen-es/node_modules/@bufbuild/protobuf": {
      "version": "1.5.1",
      "resolved": "https://registry.npmjs.org/@bufbuild/protobuf/-/protobuf-1.5.1.tgz",
      "integrity": "sha512-LX+MeB1AzlbqgJXkq83lilQpLGnPvsAMj7SH8KtJAmQfBc55ee78Stxuff/HMw0xLMYJN3P1FBh5TENgjJof1w=="
    },
    "node_modules/@bufbuild/protoc-gen-es/node_modules/@bufbuild/protoplugin": {
      "version": "1.5.1",
      "resolved": "https://registry.npmjs.org/@bufbuild/protoplugin/-/protoplugin-1.5.1.tgz",
      "integrity": "sha512-4qQD3UIEXflPYCEPZxyvi9yoQiX3ONWgLw24uLJrw9AnbY7Pw1xT5v8yIMXIVccBEZNSpvIF6qD/JXfIapjRtw==",
      "dependencies": {
        "@bufbuild/protobuf": "1.5.1",
        "@typescript/vfs": "^1.4.0",
        "typescript": "4.5.2"
      }
    },
    "node_modules/@bufbuild/protoplugin": {
      "version": "1.7.1",
      "resolved": "https://registry.npmjs.org/@bufbuild/protoplugin/-/protoplugin-1.7.1.tgz",
      "integrity": "sha512-bnPFXs38IXjL2EdpkthkCa/+SXOxERnXyV///rQj1wyidJmw21wOvqpucuIh25YnPtdrUItcIFFDVCoKPkuCPQ==",
      "dependencies": {
        "@bufbuild/protobuf": "1.7.1",
        "@typescript/vfs": "^1.4.0",
        "typescript": "4.5.2"
      }
    },
    "node_modules/@connectrpc/protoc-gen-connect-es": {
      "version": "0.13.2",
      "resolved": "https://registry.npmjs.org/@connectrpc/protoc-gen-connect-es/-/protoc-gen-connect-es-0.13.2.tgz",
      "integrity": "sha512-XGV6TN1y36g6RVDzn+YPDE4Q3QCaobwPNo/N93QXEeql/qI4ROTNbIyl0EfAPlsXITMG3k9WBOg49+rF21mMbg==",
      "dependencies": {
        "@bufbuild/protobuf": "^1.2.1",
        "@bufbuild/protoplugin": "^1.2.1"
      },
      "bin": {
        "protoc-gen-connect-es": "bin/protoc-gen-connect-es"
      },
      "engines": {
        "node": ">=16.0.0"
      },
      "peerDependencies": {
        "@bufbuild/protoc-gen-es": "^1.2.1",
        "@connectrpc/connect": "0.13.2"
      },
      "peerDependenciesMeta": {
        "@bufbuild/protoc-gen-es": {
          "optional": true
        },
        "@connectrpc/connect": {
          "optional": true
        }
      }
    },
    "node_modules/@redocly/ajv": {
      "version": "8.11.0",
      "resolved": "https://registry.npmjs.org/@redocly/ajv/-/ajv-8.11.0.tgz",
      "integrity": "sha512-9GWx27t7xWhDIR02PA18nzBdLcKQRgc46xNQvjFkrYk4UOmvKhJ/dawwiX0cCOeetN5LcaaiqQbVOWYK62SGHw==",
      "dependencies": {
        "fast-deep-equal": "^3.1.1",
        "json-schema-traverse": "^1.0.0",
        "require-from-string": "^2.0.2",
        "uri-js": "^4.2.2"
      },
      "funding": {
        "type": "github",
        "url": "https://github.com/sponsors/epoberezkin"
      }
    },
    "node_modules/@redocly/openapi-core": {
      "version": "1.8.1",
      "resolved": "https://registry.npmjs.org/@redocly/openapi-core/-/openapi-core-1.8.1.tgz",
      "integrity": "sha512-8gTDKZaGarknXiY/yYUx0cxnO8GEBWIG+H0LT+G/MWkBtOKL3p4cmEhjOC78klSeqjwEddzqCBZw1Ap7rLH0ww==",
      "dependencies": {
        "@redocly/ajv": "^8.11.0",
        "colorette": "^1.2.0",
        "js-levenshtein": "^1.1.6",
        "js-yaml": "^4.1.0",
        "lodash.isequal": "^4.5.0",
        "minimatch": "^5.0.1",
        "node-fetch": "^2.6.1",
        "pluralize": "^8.0.0",
        "yaml-ast-parser": "0.0.43"
      },
      "engines": {
        "node": ">=14.19.0",
        "npm": ">=7.0.0"
      }
    },
    "node_modules/@typescript/vfs": {
      "version": "1.5.0",
      "resolved": "https://registry.npmjs.org/@typescript/vfs/-/vfs-1.5.0.tgz",
      "integrity": "sha512-AJS307bPgbsZZ9ggCT3wwpg3VbTKMFNHfaY/uF0ahSkYYrPF2dSSKDNIDIQAHm9qJqbLvCsSJH7yN4Vs/CsMMg==",
      "dependencies": {
        "debug": "^4.1.1"
      }
    },
    "node_modules/ansi-colors": {
      "version": "4.1.3",
      "resolved": "https://registry.npmjs.org/ansi-colors/-/ansi-colors-4.1.3.tgz",
      "integrity": "sha512-/6w/C21Pm1A7aZitlI5Ni/2J6FFQN8i1Cvz3kHABAAbw93v/NlvKdVOqz7CCWz/3iv/JplRSEEZ83XION15ovw==",
      "engines": {
        "node": ">=6"
      }
    },
    "node_modules/argparse": {
      "version": "2.0.1",
      "resolved": "https://registry.npmjs.org/argparse/-/argparse-2.0.1.tgz",
      "integrity": "sha512-8+9WqebbFzpX9OR+Wa6O29asIogeRMzcGtAINdpMHHyAg10f05aSFVBbcEqGf/PXw1EjAZ+q2/bEBg3DvurK3Q=="
    },
    "node_modules/balanced-match": {
      "version": "1.0.2",
      "resolved": "https://registry.npmjs.org/balanced-match/-/balanced-match-1.0.2.tgz",
      "integrity": "sha512-3oSeUO0TMV67hN1AmbXsK4yaqU7tjiHlbxRDZOpH0KW9+CeX4bRAaX0Anxt0tx2MrpRpWwQaPwIlISEJhYU5Pw=="
    },
    "node_modules/brace-expansion": {
      "version": "2.0.1",
      "resolved": "https://registry.npmjs.org/brace-expansion/-/brace-expansion-2.0.1.tgz",
      "integrity": "sha512-XnAIvQ8eM+kC6aULx6wuQiwVsnzsi9d3WxzV3FpWTGA19F621kwdbsAcFKXgKUHZWsy+mY6iL1sHTxWEFCytDA==",
      "dependencies": {
        "balanced-match": "^1.0.0"
      }
    },
    "node_modules/colorette": {
      "version": "1.4.0",
      "resolved": "https://registry.npmjs.org/colorette/-/colorette-1.4.0.tgz",
      "integrity": "sha512-Y2oEozpomLn7Q3HFP7dpww7AtMJplbM9lGZP6RDfHqmbeRjiwRg4n6VM6j4KLmRke85uWEI7JqF17f3pqdRA0g=="
    },
    "node_modules/debug": {
      "version": "4.3.4",
      "resolved": "https://registry.npmjs.org/debug/-/debug-4.3.4.tgz",
      "integrity": "sha512-PRWFHuSU3eDtQJPvnNY7Jcket1j0t5OuOsFzPPzsekD52Zl8qUfFIPEiswXqIvHWGVHOgX+7G/vCNNhehwxfkQ==",
      "dependencies": {
        "ms": "2.1.2"
      },
      "engines": {
        "node": ">=6.0"
      },
      "peerDependenciesMeta": {
        "supports-color": {
          "optional": true
        }
      }
    },
    "node_modules/fast-deep-equal": {
      "version": "3.1.3",
      "resolved": "https://registry.npmjs.org/fast-deep-equal/-/fast-deep-equal-3.1.3.tgz",
      "integrity": "sha512-f3qQ9oQy9j2AhBe/H9VC91wLmKBCCU/gDOnKNAYG5hswO7BLKj09Hc5HYNz9cGI++xlpDCIgDaitVs03ATR84Q=="
    },
    "node_modules/google-protobuf": {
      "version": "3.21.2",
      "resolved": "https://registry.npmjs.org/google-protobuf/-/google-protobuf-3.21.2.tgz",
      "integrity": "sha512-3MSOYFO5U9mPGikIYCzK0SaThypfGgS6bHqrUGXG3DPHCrb+txNqeEcns1W0lkGfk0rCyNXm7xB9rMxnCiZOoA=="
    },
    "node_modules/js-levenshtein": {
      "version": "1.1.6",
      "resolved": "https://registry.npmjs.org/js-levenshtein/-/js-levenshtein-1.1.6.tgz",
      "integrity": "sha512-X2BB11YZtrRqY4EnQcLX5Rh373zbK4alC1FW7D7MBhL2gtcC17cTnr6DmfHZeS0s2rTHjUTMMHfG7gO8SSdw+g==",
      "engines": {
        "node": ">=0.10.0"
      }
    },
    "node_modules/js-yaml": {
      "version": "4.1.0",
      "resolved": "https://registry.npmjs.org/js-yaml/-/js-yaml-4.1.0.tgz",
      "integrity": "sha512-wpxZs9NoxZaJESJGIZTyDEaYpl0FKSA+FB9aJiyemKhMwkxQg63h4T1KJgUGHpTqPDNRcmmYLugrRjJlBtWvRA==",
      "dependencies": {
        "argparse": "^2.0.1"
      },
      "bin": {
        "js-yaml": "bin/js-yaml.js"
      }
    },
    "node_modules/json-schema-traverse": {
      "version": "1.0.0",
      "resolved": "https://registry.npmjs.org/json-schema-traverse/-/json-schema-traverse-1.0.0.tgz",
      "integrity": "sha512-NM8/P9n3XjXhIZn1lLhkFaACTOURQXjWhV4BA/RnOv8xvgqtqpAX9IO4mRQxSx1Rlo4tqzeqb0sOlruaOy3dug=="
    },
    "node_modules/lodash.isequal": {
      "version": "4.5.0",
      "resolved": "https://registry.npmjs.org/lodash.isequal/-/lodash.isequal-4.5.0.tgz",
      "integrity": "sha512-pDo3lu8Jhfjqls6GkMgpahsF9kCyayhgykjyLMNFTKWrpVdAQtYyB4muAMWozBB4ig/dtWAmsMxLEI8wuz+DYQ=="
    },
    "node_modules/minimatch": {
      "version": "5.1.6",
      "resolved": "https://registry.npmjs.org/minimatch/-/minimatch-5.1.6.tgz",
      "integrity": "sha512-lKwV/1brpG6mBUFHtb7NUmtABCb2WZZmm2wNiOA5hAb8VdCS4B3dtMWyvcoViccwAW/COERjXLt0zP1zXUN26g==",
      "dependencies": {
        "brace-expansion": "^2.0.1"
      },
      "engines": {
        "node": ">=10"
      }
    },
    "node_modules/ms": {
      "version": "2.1.2",
      "resolved": "https://registry.npmjs.org/ms/-/ms-2.1.2.tgz",
      "integrity": "sha512-sGkPx+VjMtmA6MX27oA4FBFELFCZZ4S4XqeGOXCv68tT+jb3vk/RyaKWP0PTKyWtmLSM0b+adUTEvbs1PEaH2w=="
    },
    "node_modules/node-fetch": {
      "version": "2.7.0",
      "resolved": "https://registry.npmjs.org/node-fetch/-/node-fetch-2.7.0.tgz",
      "integrity": "sha512-c4FRfUm/dbcWZ7U+1Wq0AwCyFL+3nt2bEw05wfxSz+DWpWsitgmSgYmy2dQdWyKC1694ELPqMs/YzUSNozLt8A==",
      "dependencies": {
        "whatwg-url": "^5.0.0"
      },
      "engines": {
        "node": "4.x || >=6.0.0"
      },
      "peerDependencies": {
        "encoding": "^0.1.0"
      },
      "peerDependenciesMeta": {
        "encoding": {
          "optional": true
        }
      }
    },
    "node_modules/openapi-fetch": {
      "version": "0.8.2",
      "resolved": "https://registry.npmjs.org/openapi-fetch/-/openapi-fetch-0.8.2.tgz",
      "integrity": "sha512-4g+NLK8FmQ51RW6zLcCBOVy/lwYmFJiiT+ckYZxJWxUxH4XFhsNcX2eeqVMfVOi+mDNFja6qDXIZAz2c5J/RVw==",
      "dependencies": {
        "openapi-typescript-helpers": "^0.0.5"
      }
    },
    "node_modules/openapi-typescript": {
      "version": "7.0.0-next.5",
      "resolved": "https://registry.npmjs.org/openapi-typescript/-/openapi-typescript-7.0.0-next.5.tgz",
      "integrity": "sha512-zqEDw/FZkT0ndOCd8EybkDVwEYgaOh+ryWm6OCON70DmY9YqUnNSIVyRFVjN8hesa0bxOs9QOMzXAasczNdHbQ==",
      "dependencies": {
        "@redocly/openapi-core": "^1.4.1",
        "ansi-colors": "^4.1.3",
        "supports-color": "^9.4.0",
        "typescript": "^5.3.2",
        "yargs-parser": "^21.1.1"
      },
      "bin": {
        "openapi-typescript": "bin/cli.js"
      }
    },
    "node_modules/openapi-typescript-helpers": {
      "version": "0.0.5",
      "resolved": "https://registry.npmjs.org/openapi-typescript-helpers/-/openapi-typescript-helpers-0.0.5.tgz",
      "integrity": "sha512-MRffg93t0hgGZbYTxg60hkRIK2sRuEOHEtCUgMuLgbCC33TMQ68AmxskzUlauzZYD47+ENeGV/ElI7qnWqrAxA=="
    },
    "node_modules/openapi-typescript/node_modules/typescript": {
      "version": "5.3.3",
      "resolved": "https://registry.npmjs.org/typescript/-/typescript-5.3.3.tgz",
      "integrity": "sha512-pXWcraxM0uxAS+tN0AG/BF2TyqmHO014Z070UsJ+pFvYuRSq8KH8DmWpnbXe0pEPDHXZV3FcAbJkijJ5oNEnWw==",
      "bin": {
        "tsc": "bin/tsc",
        "tsserver": "bin/tsserver"
      },
      "engines": {
        "node": ">=14.17"
      }
    },
    "node_modules/pluralize": {
      "version": "8.0.0",
      "resolved": "https://registry.npmjs.org/pluralize/-/pluralize-8.0.0.tgz",
      "integrity": "sha512-Nc3IT5yHzflTfbjgqWcCPpo7DaKy4FnpB0l/zCAW0Tc7jxAiuqSxHasntB3D7887LSrA93kDJ9IXovxJYxyLCA==",
      "engines": {
        "node": ">=4"
      }
    },
    "node_modules/punycode": {
      "version": "2.3.1",
      "resolved": "https://registry.npmjs.org/punycode/-/punycode-2.3.1.tgz",
      "integrity": "sha512-vYt7UD1U9Wg6138shLtLOvdAu+8DsC/ilFtEVHcH+wydcSpNE20AfSOduf6MkRFahL5FY7X1oU7nKVZFtfq8Fg==",
      "engines": {
        "node": ">=6"
      }
    },
    "node_modules/require-from-string": {
      "version": "2.0.2",
      "resolved": "https://registry.npmjs.org/require-from-string/-/require-from-string-2.0.2.tgz",
      "integrity": "sha512-Xf0nWe6RseziFMu+Ap9biiUbmplq6S9/p+7w7YXP/JBHhrUDDUhwa+vANyubuqfZWTveU//DYVGsDG7RKL/vEw==",
      "engines": {
        "node": ">=0.10.0"
      }
    },
    "node_modules/supports-color": {
      "version": "9.4.0",
      "resolved": "https://registry.npmjs.org/supports-color/-/supports-color-9.4.0.tgz",
      "integrity": "sha512-VL+lNrEoIXww1coLPOmiEmK/0sGigko5COxI09KzHc2VJXJsQ37UaQ+8quuxjDeA7+KnLGTWRyOXSLLR2Wb4jw==",
      "engines": {
        "node": ">=12"
      },
      "funding": {
        "url": "https://github.com/chalk/supports-color?sponsor=1"
      }
    },
    "node_modules/tr46": {
      "version": "0.0.3",
      "resolved": "https://registry.npmjs.org/tr46/-/tr46-0.0.3.tgz",
      "integrity": "sha512-N3WMsuqV66lT30CrXNbEjx4GEwlow3v6rr4mCcv6prnfwhS01rkgyFdjPNBYd9br7LpXV1+Emh01fHnq2Gdgrw=="
    },
    "node_modules/ts-protoc-gen": {
      "version": "0.15.0",
      "resolved": "https://registry.npmjs.org/ts-protoc-gen/-/ts-protoc-gen-0.15.0.tgz",
      "integrity": "sha512-TycnzEyrdVDlATJ3bWFTtra3SCiEP0W0vySXReAuEygXCUr1j2uaVyL0DhzjwuUdQoW5oXPwk6oZWeA0955V+g==",
      "dependencies": {
        "google-protobuf": "^3.15.5"
      },
      "bin": {
        "protoc-gen-ts": "bin/protoc-gen-ts"
      }
    },
    "node_modules/typescript": {
      "version": "4.5.2",
      "resolved": "https://registry.npmjs.org/typescript/-/typescript-4.5.2.tgz",
      "integrity": "sha512-5BlMof9H1yGt0P8/WF+wPNw6GfctgGjXp5hkblpyT+8rkASSmkUKMXrxR0Xg8ThVCi/JnHQiKXeBaEwCeQwMFw==",
      "bin": {
        "tsc": "bin/tsc",
        "tsserver": "bin/tsserver"
      },
      "engines": {
        "node": ">=4.2.0"
      }
    },
    "node_modules/uri-js": {
      "version": "4.4.1",
      "resolved": "https://registry.npmjs.org/uri-js/-/uri-js-4.4.1.tgz",
      "integrity": "sha512-7rKUyy33Q1yc98pQ1DAmLtwX109F7TIfWlW1Ydo8Wl1ii1SeHieeh0HHfPeL2fMXK6z0s8ecKs9frCuLJvndBg==",
      "dependencies": {
        "punycode": "^2.1.0"
      }
    },
    "node_modules/webidl-conversions": {
      "version": "3.0.1",
      "resolved": "https://registry.npmjs.org/webidl-conversions/-/webidl-conversions-3.0.1.tgz",
      "integrity": "sha512-2JAn3z8AR6rjK8Sm8orRC0h/bcl/DqL7tRPdGZ4I1CjdF+EaMLmYxBHyXuKL849eucPFhvBoxMsflfOb8kxaeQ=="
    },
    "node_modules/whatwg-url": {
      "version": "5.0.0",
      "resolved": "https://registry.npmjs.org/whatwg-url/-/whatwg-url-5.0.0.tgz",
      "integrity": "sha512-saE57nupxk6v3HY35+jzBwYa0rKSy0XR8JSxZPwgLr7ys0IBzhGviA1/TUGJLmSVqs8pb9AnvICXEuOHLprYTw==",
      "dependencies": {
        "tr46": "~0.0.3",
        "webidl-conversions": "^3.0.0"
      }
    },
    "node_modules/yaml-ast-parser": {
      "version": "0.0.43",
      "resolved": "https://registry.npmjs.org/yaml-ast-parser/-/yaml-ast-parser-0.0.43.tgz",
      "integrity": "sha512-2PTINUwsRqSd+s8XxKaJWQlUuEMHJQyEuh2edBbW8KNJz0SJPwUSD2zRWqezFEdN7IzAgeuYHFUCF7o8zRdZ0A=="
    },
    "node_modules/yargs-parser": {
      "version": "21.1.1",
      "resolved": "https://registry.npmjs.org/yargs-parser/-/yargs-parser-21.1.1.tgz",
      "integrity": "sha512-tVpsJW7DdjecAiFpbIB1e3qxIQsE6NoPc5/eTdrbbIC4h0LVsWhnoa3g+m2HclBIujHzsxZ4VJVA+GUuc2/LBw==",
      "engines": {
        "node": ">=12"
      }
    }
  }
}
