# THIS IS AN AUTOGENERATED FILE. DO NOT EDIT THIS FILE DIRECTLY.
# yarn lockfile v1


"@bufbuild/protobuf@1.3.1", "@bufbuild/protobuf@^1.2.1":
  version "1.3.1"
  resolved "https://registry.yarnpkg.com/@bufbuild/protobuf/-/protobuf-1.3.1.tgz#c4de66bacbe7ac97fe054e68314aeba6f45177f9"
  integrity sha512-BUyJWutgP2S8K/1NphOJokuwDckXS4qI2T1pGZAlkFdZchWae3jm6fCdkcGbLlM1QLOcNFFePd+7Feo4BYGrJQ==

"@bufbuild/protobuf@1.3.3", "@bufbuild/protobuf@^1.3.3":
  version "1.3.3"
  resolved "https://registry.yarnpkg.com/@bufbuild/protobuf/-/protobuf-1.3.3.tgz#814562a5db0233a1ececda97b930c2dde5897de8"
  integrity sha512-AoHSiIpTFF97SQgmQni4c+Tyr0CDhkaRaR2qGEJTEbauqQwLRpLrd9yVv//wVHOSxr/b4FJcL54VchhY6710xA==

"@bufbuild/protoc-gen-es@^1.3.3":
  version "1.3.3"
  resolved "https://registry.yarnpkg.com/@bufbuild/protoc-gen-es/-/protoc-gen-es-1.3.3.tgz#77f1d9a6f6f93aa06205192138b3d1aafe008306"
  integrity sha512-waqpvdFyqcrrmoAW9c8VCtDmT4+NYDQg/W8DAsMC2/+rXKGQYy3YbxobOuwVm3g/MJC1Gvv6ON/arxq4gYHXYw==
  dependencies:
    "@bufbuild/protoplugin" "1.3.3"

"@bufbuild/protoplugin@1.3.3":
  version "1.3.3"
  resolved "https://registry.yarnpkg.com/@bufbuild/protoplugin/-/protoplugin-1.3.3.tgz#64ca3e1db5694992144835b929b21a63d3f80865"
  integrity sha512-sxalYoj+fWxUakknePKfqRpcGlxz45Gcjpth2M274ZvQN+XKwMLVLevArsZWFzGcPoAkiDWMFHhfeQXfjsu+uA==
  dependencies:
    "@bufbuild/protobuf" "1.3.3"
    "@typescript/vfs" "^1.4.0"
    typescript "4.5.2"

"@bufbuild/protoplugin@^1.2.1":
  version "1.3.1"
  resolved "https://registry.yarnpkg.com/@bufbuild/protoplugin/-/protoplugin-1.3.1.tgz#9784679dc72237045ddc4e07816d01a0a58fb199"
  integrity sha512-85mSp1FJzjF9uyhzlAS19KNS0CkGUq7dHonRplaTErbuhdBdAVGBPs5SVQpFlYD5j0nMHob8hKsnfA4g8QlrhQ==
  dependencies:
    "@bufbuild/protobuf" "1.3.1"
    "@typescript/vfs" "^1.4.0"
    typescript "4.5.2"

"@connectrpc/connect-web@^0.13.0":
  version "0.13.2"
  resolved "https://registry.yarnpkg.com/@connectrpc/connect-web/-/connect-web-0.13.2.tgz#14b8f30458196897578ce773f3ab0ec42d114228"
  integrity sha512-WkI2MbdWpzRCZf612bOa0JEuOx2Hebv7BW0FcfgDgHwFGBOuAFF7BF7XtNw196nmYoli2kXmtIjCZW01jvzDnw==
  dependencies:
    "@connectrpc/connect" "0.13.2"

"@connectrpc/connect@0.13.2", "@connectrpc/connect@^0.13.0":
  version "0.13.2"
  resolved "https://registry.yarnpkg.com/@connectrpc/connect/-/connect-0.13.2.tgz#491147e3021ac544fa109563e9d23adec0282641"
  integrity sha512-KZg6EH8gYnQZm/d2IXXMVB2mom/A1dCD8+7JScm2tKN9OQyQSeCJOLqtv/M4M5XVS0Y9JM2/VCbiUwfhl9Rqmg==

"@connectrpc/protoc-gen-connect-es@^0.13.0":
  version "0.13.2"
  resolved "https://registry.yarnpkg.com/@connectrpc/protoc-gen-connect-es/-/protoc-gen-connect-es-0.13.2.tgz#ee965050860aab7fe8270211d66b8420a52eb55f"
  integrity sha512-XGV6TN1y36g6RVDzn+YPDE4Q3QCaobwPNo/N93QXEeql/qI4ROTNbIyl0EfAPlsXITMG3k9WBOg49+rF21mMbg==
  dependencies:
    "@bufbuild/protobuf" "^1.2.1"
    "@bufbuild/protoplugin" "^1.2.1"

"@typescript/vfs@^1.4.0":
  version "1.5.0"
  resolved "https://registry.yarnpkg.com/@typescript/vfs/-/vfs-1.5.0.tgz#ed942922724f9ace8c07c80b006c47e5e3833218"
  integrity sha512-AJS307bPgbsZZ9ggCT3wwpg3VbTKMFNHfaY/uF0ahSkYYrPF2dSSKDNIDIQAHm9qJqbLvCsSJH7yN4Vs/CsMMg==
  dependencies:
    debug "^4.1.1"

debug@^4.1.1:
  version "4.3.4"
  resolved "https://registry.yarnpkg.com/debug/-/debug-4.3.4.tgz#1319f6579357f2338d3337d2cdd4914bb5dcc865"
  integrity sha512-PRWFHuSU3eDtQJPvnNY7Jcket1j0t5OuOsFzPPzsekD52Zl8qUfFIPEiswXqIvHWGVHOgX+7G/vCNNhehwxfkQ==
  dependencies:
    ms "2.1.2"

ms@2.1.2:
  version "2.1.2"
  resolved "https://registry.yarnpkg.com/ms/-/ms-2.1.2.tgz#d09d1f357b443f493382a8eb3ccd183872ae6009"
  integrity sha512-sGkPx+VjMtmA6MX27oA4FBFELFCZZ4S4XqeGOXCv68tT+jb3vk/RyaKWP0PTKyWtmLSM0b+adUTEvbs1PEaH2w==

typescript@4.5.2:
  version "4.5.2"
  resolved "https://registry.yarnpkg.com/typescript/-/typescript-4.5.2.tgz#8ac1fba9f52256fdb06fb89e4122fa6a346c2998"
  integrity sha512-5BlMof9H1yGt0P8/WF+wPNw6GfctgGjXp5hkblpyT+8rkASSmkUKMXrxR0Xg8ThVCi/JnHQiKXeBaEwCeQwMFw==

typescript@^4.3.5:
  version "4.9.5"
  resolved "https://registry.yarnpkg.com/typescript/-/typescript-4.9.5.tgz#095979f9bcc0d09da324d58d03ce8f8374cbe65a"
  integrity sha512-1FXk9E2Hm+QzZQ7z+McJiHL4NW1F2EzMu9Nq9i3zAaGqibafqYwCVU6WyWAuyQRRzOlxou8xZSyXLEN8oKj24g==
